
Microsoft Visual Studio Solution File, Format Version 12.00
# Visual Studio Version 17
VisualStudioVersion = 17.3.32901.215
MinimumVisualStudioVersion = 10.0.40219.1
Project("{FAE04EC0-301F-11D3-BF4B-00C04F79EFBC}") = "Predicts", "Predicts\Predicts.csproj", "{922B5038-C393-49A6-AF23-8481201ADB25}"
EndProject
Global
	GlobalSection(SolutionConfigurationPlatforms) = preSolution
		Debug|Any CPU = Debug|Any CPU
		Release|Any CPU = Release|Any CPU
	EndGlobalSection
	GlobalSection(ProjectConfigurationPlatforms) = postSolution
		{922B5038-C393-49A6-AF23-8481201ADB25}.Debug|Any CPU.ActiveCfg = Debug|Any CPU
		{922B5038-C393-49A6-AF23-8481201ADB25}.Debug|Any CPU.Build.0 = Debug|Any CPU
		{922B5038-C393-49A6-AF23-8481201ADB25}.Release|Any CPU.ActiveCfg = Release|Any CPU
		{922B5038-C393-49A6-AF23-8481201ADB25}.Release|Any CPU.Build.0 = Release|Any CPU
	EndGlobalSection
	GlobalSection(SolutionProperties) = preSolution
		HideSolutionNode = FALSE
	EndGlobalSection
	GlobalSection(ExtensibilityGlobals) = postSolution
		SolutionGuid = {7D8700C0-BE62-4944-BEF3-833F3A09FA34}
	EndGlobalSection
EndGlobal
